
Microsoft Visual Studio Solution File, Format Version 12.00
# Visual Studio Version 17
VisualStudioVersion = 17.6.33417.168
MinimumVisualStudioVersion = 10.0.40219.1
Project("{FAE04EC0-301F-11D3-BF4B-00C04F79EFBC}") = "Comparador.Web", "Comparador.Web\Comparador.Web.csproj", "{F8C0DD25-8A2E-4776-810D-B6388C80F015}"
EndProject
Project("{FAE04EC0-301F-11D3-BF4B-00C04F79EFBC}") = "Comparador.DataAccess", "Comparador.DataAccess\Comparador.DataAccess.csproj", "{11E09893-2B79-492F-BF26-B9BF5AFE5DE4}"
EndProject
Project("{FAE04EC0-301F-11D3-BF4B-00C04F79EFBC}") = "Comparador.Models", "Comparador.Models\Comparador.Models.csproj", "{536686C6-A38D-489A-833D-9D3804147488}"
EndProject
Project("{FAE04EC0-301F-11D3-BF4B-00C04F79EFBC}") = "Comparador.Utils", "Comparador.Utils\Comparador.Utils.csproj", "{FB2ABE72-3617-40F8-BEA6-3CFCA2C4A314}"
EndProject
Global
	GlobalSection(SolutionConfigurationPlatforms) = preSolution
		Debug|Any CPU = Debug|Any CPU
		Release|Any CPU = Release|Any CPU
	EndGlobalSection
	GlobalSection(ProjectConfigurationPlatforms) = postSolution
		{F8C0DD25-8A2E-4776-810D-B6388C80F015}.Debug|Any CPU.ActiveCfg = Debug|Any CPU
		{F8C0DD25-8A2E-4776-810D-B6388C80F015}.Debug|Any CPU.Build.0 = Debug|Any CPU
		{F8C0DD25-8A2E-4776-810D-B6388C80F015}.Release|Any CPU.ActiveCfg = Release|Any CPU
		{F8C0DD25-8A2E-4776-810D-B6388C80F015}.Release|Any CPU.Build.0 = Release|Any CPU
		{11E09893-2B79-492F-BF26-B9BF5AFE5DE4}.Debug|Any CPU.ActiveCfg = Debug|Any CPU
		{11E09893-2B79-492F-BF26-B9BF5AFE5DE4}.Debug|Any CPU.Build.0 = Debug|Any CPU
		{11E09893-2B79-492F-BF26-B9BF5AFE5DE4}.Release|Any CPU.ActiveCfg = Release|Any CPU
		{11E09893-2B79-492F-BF26-B9BF5AFE5DE4}.Release|Any CPU.Build.0 = Release|Any CPU
		{536686C6-A38D-489A-833D-9D3804147488}.Debug|Any CPU.ActiveCfg = Debug|Any CPU
		{536686C6-A38D-489A-833D-9D3804147488}.Debug|Any CPU.Build.0 = Debug|Any CPU
		{536686C6-A38D-489A-833D-9D3804147488}.Release|Any CPU.ActiveCfg = Release|Any CPU
		{536686C6-A38D-489A-833D-9D3804147488}.Release|Any CPU.Build.0 = Release|Any CPU
		{FB2ABE72-3617-40F8-BEA6-3CFCA2C4A314}.Debug|Any CPU.ActiveCfg = Debug|Any CPU
		{FB2ABE72-3617-40F8-BEA6-3CFCA2C4A314}.Debug|Any CPU.Build.0 = Debug|Any CPU
		{FB2ABE72-3617-40F8-BEA6-3CFCA2C4A314}.Release|Any CPU.ActiveCfg = Release|Any CPU
		{FB2ABE72-3617-40F8-BEA6-3CFCA2C4A314}.Release|Any CPU.Build.0 = Release|Any CPU
	EndGlobalSection
	GlobalSection(SolutionProperties) = preSolution
		HideSolutionNode = FALSE
	EndGlobalSection
	GlobalSection(ExtensibilityGlobals) = postSolution
		SolutionGuid = {28D6BEB8-6B52-47E7-B970-40C21ECD1857}
	EndGlobalSection
EndGlobal
